<Solution>
  <Folder Name="/src/">
    <Project Path="src/GamingTranslatorGlassHUD.App/GamingTranslatorGlassHUD.App.csproj" />
    <Project Path="src/GamingTranslatorGlassHUD.Core/GamingTranslatorGlassHUD.Core.csproj" />
    <Project Path="src/GamingTranslatorGlassHUD.Interop/GamingTranslatorGlassHUD.Interop.csproj" />
    <Project Path="src/GamingTranslatorGlassHUD.Windows/GamingTranslatorGlassHUD.Windows.csproj" />
  </Folder>
  <Folder Name="/tests/">
    <Project Path="tests/GamingTranslatorGlassHUD.Core.Tests/GamingTranslatorGlassHUD.Core.Tests.csproj" />
  </Folder>
  <Folder Name="/tools/">
    <Project Path="tools/Replay/Replay.csproj" />
  </Folder>
</Solution>
